// !$*UTF8*$!
{
	archiveVersion = 1;
	classes = {
	};
	objectVersion = 46;
	objects = {

/* Begin PBXBuildFile section */
		4D63F636F9A91F35E29F16C7 /* Pods_Cuasotinhyeu.framework in Frameworks */ = {isa = PBXBuildFile; fileRef = 79983A27C84E42CDFE648AAD /* Pods_Cuasotinhyeu.framework */; };
		530A20DC1EFCA8EA001D5B39 /* AppDelegate.swift in Sources */ = {isa = PBXBuildFile; fileRef = 530A20DB1EFCA8EA001D5B39 /* AppDelegate.swift */; };
		530A20DE1EFCA8EB001D5B39 /* MoinhatViewController.swift in Sources */ = {isa = PBXBuildFile; fileRef = 530A20DD1EFCA8EB001D5B39 /* MoinhatViewController.swift */; };
		530A20E11EFCA8EB001D5B39 /* Main.storyboard in Resources */ = {isa = PBXBuildFile; fileRef = 530A20DF1EFCA8EB001D5B39 /* Main.storyboard */; };
		530A20E31EFCA8EB001D5B39 /* Assets.xcassets in Resources */ = {isa = PBXBuildFile; fileRef = 530A20E21EFCA8EB001D5B39 /* Assets.xcassets */; };
		530A20E61EFCA8EB001D5B39 /* LaunchScreen.storyboard in Resources */ = {isa = PBXBuildFile; fileRef = 530A20E41EFCA8EB001D5B39 /* LaunchScreen.storyboard */; };
		530A20EE1EFCB007001D5B39 /* TinhObj.swift in Sources */ = {isa = PBXBuildFile; fileRef = 530A20ED1EFCB007001D5B39 /* TinhObj.swift */; };
		530A20F01EFCB27A001D5B39 /* SampleTableViewCell.swift in Sources */ = {isa = PBXBuildFile; fileRef = 530A20EF1EFCB27A001D5B39 /* SampleTableViewCell.swift */; };
		530A20F31EFCB419001D5B39 /* DesignButton.swift in Sources */ = {isa = PBXBuildFile; fileRef = 530A20F11EFCB419001D5B39 /* DesignButton.swift */; };
		530A20F41EFCB419001D5B39 /* DesignTextField.swift in Sources */ = {isa = PBXBuildFile; fileRef = 530A20F21EFCB419001D5B39 /* DesignTextField.swift */; };
		530A20F61EFCB481001D5B39 /* DesignImageView.swift in Sources */ = {isa = PBXBuildFile; fileRef = 530A20F51EFCB481001D5B39 /* DesignImageView.swift */; };
		530A20F81EFCB8BB001D5B39 /* NgayViewController.swift in Sources */ = {isa = PBXBuildFile; fileRef = 530A20F71EFCB8BB001D5B39 /* NgayViewController.swift */; };
		530A20FA1EFCB8CC001D5B39 /* TimkiemViewController.swift in Sources */ = {isa = PBXBuildFile; fileRef = 530A20F91EFCB8CC001D5B39 /* TimkiemViewController.swift */; };
/* End PBXBuildFile section */

/* Begin PBXFileReference section */
		2111B843AE08F6B3185075AD /* Pods-Cuasotinhyeu.debug.xcconfig */ = {isa = PBXFileReference; includeInIndex = 1; lastKnownFileType = text.xcconfig; name = "Pods-Cuasotinhyeu.debug.xcconfig"; path = "Pods/Target Support Files/Pods-Cuasotinhyeu/Pods-Cuasotinhyeu.debug.xcconfig"; sourceTree = "<group>"; };
		530A20D81EFCA8EA001D5B39 /* Cuasotinhyeu.app */ = {isa = PBXFileReference; explicitFileType = wrapper.application; includeInIndex = 0; path = Cuasotinhyeu.app; sourceTree = BUILT_PRODUCTS_DIR; };
		530A20DB1EFCA8EA001D5B39 /* AppDelegate.swift */ = {isa = PBXFileReference; lastKnownFileType = sourcecode.swift; path = AppDelegate.swift; sourceTree = "<group>"; };
		530A20DD1EFCA8EB001D5B39 /* MoinhatViewController.swift */ = {isa = PBXFileReference; lastKnownFileType = sourcecode.swift; path = MoinhatViewController.swift; sourceTree = "<group>"; };
		530A20E01EFCA8EB001D5B39 /* Base */ = {isa = PBXFileReference; lastKnownFileType = file.storyboard; name = Base; path = Base.lproj/Main.storyboard; sourceTree = "<group>"; };
		530A20E21EFCA8EB001D5B39 /* Assets.xcassets */ = {isa = PBXFileReference; lastKnownFileType = folder.assetcatalog; path = Assets.xcassets; sourceTree = "<group>"; };
		530A20E51EFCA8EB001D5B39 /* Base */ = {isa = PBXFileReference; lastKnownFileType = file.storyboard; name = Base; path = Base.lproj/LaunchScreen.storyboard; sourceTree = "<group>"; };
		530A20E71EFCA8EB001D5B39 /* Info.plist */ = {isa = PBXFileReference; lastKnownFileType = text.plist.xml; path = Info.plist; sourceTree = "<group>"; };
		530A20ED1EFCB007001D5B39 /* TinhObj.swift */ = {isa = PBXFileReference; fileEncoding = 4; lastKnownFileType = sourcecode.swift; path = TinhObj.swift; sourceTree = "<group>"; };
		530A20EF1EFCB27A001D5B39 /* SampleTableViewCell.swift */ = {isa = PBXFileReference; fileEncoding = 4; lastKnownFileType = sourcecode.swift; path = SampleTableViewCell.swift; sourceTree = "<group>"; };
		530A20F11EFCB419001D5B39 /* DesignButton.swift */ = {isa = PBXFileReference; fileEncoding = 4; lastKnownFileType = sourcecode.swift; path = DesignButton.swift; sourceTree = "<group>"; };
		530A20F21EFCB419001D5B39 /* DesignTextField.swift */ = {isa = PBXFileReference; fileEncoding = 4; lastKnownFileType = sourcecode.swift; path = DesignTextField.swift; sourceTree = "<group>"; };
		530A20F51EFCB481001D5B39 /* DesignImageView.swift */ = {isa = PBXFileReference; fileEncoding = 4; lastKnownFileType = sourcecode.swift; path = DesignImageView.swift; sourceTree = "<group>"; };
		530A20F71EFCB8BB001D5B39 /* NgayViewController.swift */ = {isa = PBXFileReference; fileEncoding = 4; lastKnownFileType = sourcecode.swift; path = NgayViewController.swift; sourceTree = "<group>"; };
		530A20F91EFCB8CC001D5B39 /* TimkiemViewController.swift */ = {isa = PBXFileReference; fileEncoding = 4; lastKnownFileType = sourcecode.swift; path = TimkiemViewController.swift; sourceTree = "<group>"; };
		637F7B355B4A950E4BA472DC /* Pods-Cuasotinhyeu.release.xcconfig */ = {isa = PBXFileReference; includeInIndex = 1; lastKnownFileType = text.xcconfig; name = "Pods-Cuasotinhyeu.release.xcconfig"; path = "Pods/Target Support Files/Pods-Cuasotinhyeu/Pods-Cuasotinhyeu.release.xcconfig"; sourceTree = "<group>"; };
		79983A27C84E42CDFE648AAD /* Pods_Cuasotinhyeu.framework */ = {isa = PBXFileReference; explicitFileType = wrapper.framework; includeInIndex = 0; path = Pods_Cuasotinhyeu.framework; sourceTree = BUILT_PRODUCTS_DIR; };
/* End PBXFileReference section */

/* Begin PBXFrameworksBuildPhase section */
		530A20D51EFCA8EA001D5B39 /* Frameworks */ = {
			isa = PBXFrameworksBuildPhase;
			buildActionMask = 2147483647;
			files = (
				4D63F636F9A91F35E29F16C7 /* Pods_Cuasotinhyeu.framework in Frameworks */,
			);
			runOnlyForDeploymentPostprocessing = 0;
		};
/* End PBXFrameworksBuildPhase section */

/* Begin PBXGroup section */
		530A20CF1EFCA8E9001D5B39 = {
			isa = PBXGroup;
			children = (
				530A20DA1EFCA8EA001D5B39 /* Cuasotinhyeu */,
				530A20D91EFCA8EA001D5B39 /* Products */,
				8FE6122AB237A5B997834F89 /* Pods */,
				E9FBDF49B896D49281412DF5 /* Frameworks */,
			);
			sourceTree = "<group>";
		};
		530A20D91EFCA8EA001D5B39 /* Products */ = {
			isa = PBXGroup;
			children = (
				530A20D81EFCA8EA001D5B39 /* Cuasotinhyeu.app */,
			);
			name = Products;
			sourceTree = "<group>";
		};
		530A20DA1EFCA8EA001D5B39 /* Cuasotinhyeu */ = {
			isa = PBXGroup;
			children = (
				530A20DB1EFCA8EA001D5B39 /* AppDelegate.swift */,
				530A20DD1EFCA8EB001D5B39 /* MoinhatViewController.swift */,
				530A20F71EFCB8BB001D5B39 /* NgayViewController.swift */,
				530A20F91EFCB8CC001D5B39 /* TimkiemViewController.swift */,
				530A20DF1EFCA8EB001D5B39 /* Main.storyboard */,
				530A20ED1EFCB007001D5B39 /* TinhObj.swift */,
				530A20EF1EFCB27A001D5B39 /* SampleTableViewCell.swift */,
				530A20E21EFCA8EB001D5B39 /* Assets.xcassets */,
				530A20E41EFCA8EB001D5B39 /* LaunchScreen.storyboard */,
				530A20F51EFCB481001D5B39 /* DesignImageView.swift */,
				530A20F11EFCB419001D5B39 /* DesignButton.swift */,
				530A20F21EFCB419001D5B39 /* DesignTextField.swift */,
				530A20E71EFCA8EB001D5B39 /* Info.plist */,
			);
			path = Cuasotinhyeu;
			sourceTree = "<group>";
		};
		8FE6122AB237A5B997834F89 /* Pods */ = {
			isa = PBXGroup;
			children = (
				2111B843AE08F6B3185075AD /* Pods-Cuasotinhyeu.debug.xcconfig */,
				637F7B355B4A950E4BA472DC /* Pods-Cuasotinhyeu.release.xcconfig */,
			);
			name = Pods;
			sourceTree = "<group>";
		};
		E9FBDF49B896D49281412DF5 /* Frameworks */ = {
			isa = PBXGroup;
			children = (
				79983A27C84E42CDFE648AAD /* Pods_Cuasotinhyeu.framework */,
			);
			name = Frameworks;
			sourceTree = "<group>";
		};
/* End PBXGroup section */

/* Begin PBXNativeTarget section */
		530A20D71EFCA8EA001D5B39 /* Cuasotinhyeu */ = {
			isa = PBXNativeTarget;
			buildConfigurationList = 530A20EA1EFCA8EB001D5B39 /* Build configuration list for PBXNativeTarget "Cuasotinhyeu" */;
			buildPhases = (
				4BB676E5E1F36B52383E26ED /* [CP] Check Pods Manifest.lock */,
				530A20D41EFCA8EA001D5B39 /* Sources */,
				530A20D51EFCA8EA001D5B39 /* Frameworks */,
				530A20D61EFCA8EA001D5B39 /* Resources */,
				00FB4F62782D5EF0CBB09894 /* [CP] Embed Pods Frameworks */,
				2A7B0ACDD7F148D27621F330 /* [CP] Copy Pods Resources */,
			);
			buildRules = (
			);
			dependencies = (
			);
			name = Cuasotinhyeu;
			productName = Cuasotinhyeu;
			productReference = 530A20D81EFCA8EA001D5B39 /* Cuasotinhyeu.app */;
			productType = "com.apple.product-type.application";
		};
/* End PBXNativeTarget section */

/* Begin PBXProject section */
		530A20D01EFCA8EA001D5B39 /* Project object */ = {
			isa = PBXProject;
			attributes = {
				LastSwiftUpdateCheck = 0830;
				LastUpgradeCheck = 0830;
				ORGANIZATIONNAME = Jeetebe;
				TargetAttributes = {
					530A20D71EFCA8EA001D5B39 = {
						CreatedOnToolsVersion = 8.3.3;
						ProvisioningStyle = Automatic;
					};
				};
			};
			buildConfigurationList = 530A20D31EFCA8EA001D5B39 /* Build configuration list for PBXProject "Cuasotinhyeu" */;
			compatibilityVersion = "Xcode 3.2";
			developmentRegion = English;
			hasScannedForEncodings = 0;
			knownRegions = (
				en,
				Base,
			);
			mainGroup = 530A20CF1EFCA8E9001D5B39;
			productRefGroup = 530A20D91EFCA8EA001D5B39 /* Products */;
			projectDirPath = "";
			projectRoot = "";
			targets = (
				530A20D71EFCA8EA001D5B39 /* Cuasotinhyeu */,
			);
		};
/* End PBXProject section */

/* Begin PBXResourcesBuildPhase section */
		530A20D61EFCA8EA001D5B39 /* Resources */ = {
			isa = PBXResourcesBuildPhase;
			buildActionMask = 2147483647;
			files = (
				530A20E61EFCA8EB001D5B39 /* LaunchScreen.storyboard in Resources */,
				530A20E31EFCA8EB001D5B39 /* Assets.xcassets in Resources */,
				530A20E11EFCA8EB001D5B39 /* Main.storyboard in Resources */,
			);
			runOnlyForDeploymentPostprocessing = 0;
		};
/* End PBXResourcesBuildPhase section */

/* Begin PBXShellScriptBuildPhase section */
		00FB4F62782D5EF0CBB09894 /* [CP] Embed Pods Frameworks */ = {
			isa = PBXShellScriptBuildPhase;
			buildActionMask = 2147483647;
			files = (
			);
			inputPaths = (
			);
			name = "[CP] Embed Pods Frameworks";
			outputPaths = (
			);
			runOnlyForDeploymentPostprocessing = 0;
			shellPath = /bin/sh;
			shellScript = "\"${SRCROOT}/Pods/Target Support Files/Pods-Cuasotinhyeu/Pods-Cuasotinhyeu-frameworks.sh\"\n";
			showEnvVarsInLog = 0;
		};
		2A7B0ACDD7F148D27621F330 /* [CP] Copy Pods Resources */ = {
			isa = PBXShellScriptBuildPhase;
			buildActionMask = 2147483647;
			files = (
			);
			inputPaths = (
			);
			name = "[CP] Copy Pods Resources";
			outputPaths = (
			);
			runOnlyForDeploymentPostprocessing = 0;
			shellPath = /bin/sh;
			shellScript = "\"${SRCROOT}/Pods/Target Support Files/Pods-Cuasotinhyeu/Pods-Cuasotinhyeu-resources.sh\"\n";
			showEnvVarsInLog = 0;
		};
		4BB676E5E1F36B52383E26ED /* [CP] Check Pods Manifest.lock */ = {
			isa = PBXShellScriptBuildPhase;
			buildActionMask = 2147483647;
			files = (
			);
			inputPaths = (
			);
			name = "[CP] Check Pods Manifest.lock";
			outputPaths = (
			);
			runOnlyForDeploymentPostprocessing = 0;
			shellPath = /bin/sh;
			shellScript = "diff \"${PODS_PODFILE_DIR_PATH}/Podfile.lock\" \"${PODS_ROOT}/Manifest.lock\" > /dev/null\nif [ $? != 0 ] ; then\n    # print error to STDERR\n    echo \"error: The sandbox is not in sync with the Podfile.lock. Run 'pod install' or update your CocoaPods installation.\" >&2\n    exit 1\nfi\n";
			showEnvVarsInLog = 0;
		};
/* End PBXShellScriptBuildPhase section */

/* Begin PBXSourcesBuildPhase section */
		530A20D41EFCA8EA001D5B39 /* Sources */ = {
			isa = PBXSourcesBuildPhase;
			buildActionMask = 2147483647;
			files = (
				530A20EE1EFCB007001D5B39 /* TinhObj.swift in Sources */,
				530A20F81EFCB8BB001D5B39 /* NgayViewController.swift in Sources */,
				530A20F61EFCB481001D5B39 /* DesignImageView.swift in Sources */,
				530A20F01EFCB27A001D5B39 /* SampleTableViewCell.swift in Sources */,
				530A20FA1EFCB8CC001D5B39 /* TimkiemViewController.swift in Sources */,
				530A20DE1EFCA8EB001D5B39 /* MoinhatViewController.swift in Sources */,
				530A20DC1EFCA8EA001D5B39 /* AppDelegate.swift in Sources */,
				530A20F31EFCB419001D5B39 /* DesignButton.swift in Sources */,
				530A20F41EFCB419001D5B39 /* DesignTextField.swift in Sources */,
			);
			runOnlyForDeploymentPostprocessing = 0;
		};
/* End PBXSourcesBuildPhase section */

/* Begin PBXVariantGroup section */
		530A20DF1EFCA8EB001D5B39 /* Main.storyboard */ = {
			isa = PBXVariantGroup;
			children = (
				530A20E01EFCA8EB001D5B39 /* Base */,
			);
			name = Main.storyboard;
			sourceTree = "<group>";
		};
		530A20E41EFCA8EB001D5B39 /* LaunchScreen.storyboard */ = {
			isa = PBXVariantGroup;
			children = (
				530A20E51EFCA8EB001D5B39 /* Base */,
			);
			name = LaunchScreen.storyboard;
			sourceTree = "<group>";
		};
/* End PBXVariantGroup section */

/* Begin XCBuildConfiguration section */
		530A20E81EFCA8EB001D5B39 /* Debug */ = {
			isa = XCBuildConfiguration;
			buildSettings = {
				ALWAYS_SEARCH_USER_PATHS = NO;
				CLANG_ANALYZER_NONNULL = YES;
				CLANG_ANALYZER_NUMBER_OBJECT_CONVERSION = YES_AGGRESSIVE;
				CLANG_CXX_LANGUAGE_STANDARD = "gnu++0x";
				CLANG_CXX_LIBRARY = "libc++";
				CLANG_ENABLE_MODULES = YES;
				CLANG_ENABLE_OBJC_ARC = YES;
				CLANG_WARN_BOOL_CONVERSION = YES;
				CLANG_WARN_CONSTANT_CONVERSION = YES;
				CLANG_WARN_DIRECT_OBJC_ISA_USAGE = YES_ERROR;
				CLANG_WARN_DOCUMENTATION_COMMENTS = YES;
				CLANG_WARN_EMPTY_BODY = YES;
				CLANG_WARN_ENUM_CONVERSION = YES;
				CLANG_WARN_INFINITE_RECURSION = YES;
				CLANG_WARN_INT_CONVERSION = YES;
				CLANG_WARN_OBJC_ROOT_CLASS = YES_ERROR;
				CLANG_WARN_SUSPICIOUS_MOVE = YES;
				CLANG_WARN_UNREACHABLE_CODE = YES;
				CLANG_WARN__DUPLICATE_METHOD_MATCH = YES;
				"CODE_SIGN_IDENTITY[sdk=iphoneos*]" = "iPhone Developer";
				COPY_PHASE_STRIP = NO;
				DEBUG_INFORMATION_FORMAT = dwarf;
				ENABLE_STRICT_OBJC_MSGSEND = YES;
				ENABLE_TESTABILITY = YES;
				GCC_C_LANGUAGE_STANDARD = gnu99;
				GCC_DYNAMIC_NO_PIC = NO;
				GCC_NO_COMMON_BLOCKS = YES;
				GCC_OPTIMIZATION_LEVEL = 0;
				GCC_PREPROCESSOR_DEFINITIONS = (
					"DEBUG=1",
					"$(inherited)",
				);
				GCC_WARN_64_TO_32_BIT_CONVERSION = YES;
				GCC_WARN_ABOUT_RETURN_TYPE = YES_ERROR;
				GCC_WARN_UNDECLARED_SELECTOR = YES;
				GCC_WARN_UNINITIALIZED_AUTOS = YES_AGGRESSIVE;
				GCC_WARN_UNUSED_FUNCTION = YES;
				GCC_WARN_UNUSED_VARIABLE = YES;
				IPHONEOS_DEPLOYMENT_TARGET = 10.3;
				MTL_ENABLE_DEBUG_INFO = YES;
				ONLY_ACTIVE_ARCH = YES;
				SDKROOT = iphoneos;
				SWIFT_ACTIVE_COMPILATION_CONDITIONS = DEBUG;
				SWIFT_OPTIMIZATION_LEVEL = "-Onone";
				TARGETED_DEVICE_FAMILY = "1,2";
			};
			name = Debug;
		};
		530A20E91EFCA8EB001D5B39 /* Release */ = {
			isa = XCBuildConfiguration;
			buildSettings = {
				ALWAYS_SEARCH_USER_PATHS = NO;
				CLANG_ANALYZER_NONNULL = YES;
				CLANG_ANALYZER_NUMBER_OBJECT_CONVERSION = YES_AGGRESSIVE;
				CLANG_CXX_LANGUAGE_STANDARD = "gnu++0x";
				CLANG_CXX_LIBRARY = "libc++";
				CLANG_ENABLE_MODULES = YES;
				CLANG_ENABLE_OBJC_ARC = YES;
				CLANG_WARN_BOOL_CONVERSION = YES;
				CLANG_WARN_CONSTANT_CONVERSION = YES;
				CLANG_WARN_DIRECT_OBJC_ISA_USAGE = YES_ERROR;
				CLANG_WARN_DOCUMENTATION_COMMENTS = YES;
				CLANG_WARN_EMPTY_BODY = YES;
				CLANG_WARN_ENUM_CONVERSION = YES;
				CLANG_WARN_INFINITE_RECURSION = YES;
				CLANG_WARN_INT_CONVERSION = YES;
				CLANG_WARN_OBJC_ROOT_CLASS = YES_ERROR;
				CLANG_WARN_SUSPICIOUS_MOVE = YES;
				CLANG_WARN_UNREACHABLE_CODE = YES;
				CLANG_WARN__DUPLICATE_METHOD_MATCH = YES;
				"CODE_SIGN_IDENTITY[sdk=iphoneos*]" = "iPhone Developer";
				COPY_PHASE_STRIP = NO;
				DEBUG_INFORMATION_FORMAT = "dwarf-with-dsym";
				ENABLE_NS_ASSERTIONS = NO;
				ENABLE_STRICT_OBJC_MSGSEND = YES;
				GCC_C_LANGUAGE_STANDARD = gnu99;
				GCC_NO_COMMON_BLOCKS = YES;
				GCC_WARN_64_TO_32_BIT_CONVERSION = YES;
				GCC_WARN_ABOUT_RETURN_TYPE = YES_ERROR;
				GCC_WARN_UNDECLARED_SELECTOR = YES;
				GCC_WARN_UNINITIALIZED_AUTOS = YES_AGGRESSIVE;
				GCC_WARN_UNUSED_FUNCTION = YES;
				GCC_WARN_UNUSED_VARIABLE = YES;
				IPHONEOS_DEPLOYMENT_TARGET = 10.3;
				MTL_ENABLE_DEBUG_INFO = NO;
				SDKROOT = iphoneos;
				SWIFT_OPTIMIZATION_LEVEL = "-Owholemodule";
				TARGETED_DEVICE_FAMILY = "1,2";
				VALIDATE_PRODUCT = YES;
			};
			name = Release;
		};
		530A20EB1EFCA8EB001D5B39 /* Debug */ = {
			isa = XCBuildConfiguration;
			baseConfigurationReference = 2111B843AE08F6B3185075AD /* Pods-Cuasotinhyeu.debug.xcconfig */;
			buildSettings = {
				ASSETCATALOG_COMPILER_APPICON_NAME = AppIcon;
				INFOPLIST_FILE = Cuasotinhyeu/Info.plist;
				LD_RUNPATH_SEARCH_PATHS = "$(inherited) @executable_path/Frameworks";
				PRODUCT_BUNDLE_IDENTIFIER = com.jtb4.cuasotinhyeu.Cuasotinhyeu;
				PRODUCT_NAME = "$(TARGET_NAME)";
				SWIFT_VERSION = 3.0;
			};
			name = Debug;
		};
		530A20EC1EFCA8EB001D5B39 /* Release */ = {
			isa = XCBuildConfiguration;
			baseConfigurationReference = 637F7B355B4A950E4BA472DC /* Pods-Cuasotinhyeu.release.xcconfig */;
			buildSettings = {
				ASSETCATALOG_COMPILER_APPICON_NAME = AppIcon;
				INFOPLIST_FILE = Cuasotinhyeu/Info.plist;
				LD_RUNPATH_SEARCH_PATHS = "$(inherited) @executable_path/Frameworks";
				PRODUCT_BUNDLE_IDENTIFIER = com.jtb4.cuasotinhyeu.Cuasotinhyeu;
				PRODUCT_NAME = "$(TARGET_NAME)";
				SWIFT_VERSION = 3.0;
			};
			name = Release;
		};
/* End XCBuildConfiguration section */

/* Begin XCConfigurationList section */
		530A20D31EFCA8EA001D5B39 /* Build configuration list for PBXProject "Cuasotinhyeu" */ = {
			isa = XCConfigurationList;
			buildConfigurations = (
				530A20E81EFCA8EB001D5B39 /* Debug */,
				530A20E91EFCA8EB001D5B39 /* Release */,
			);
			defaultConfigurationIsVisible = 0;
			defaultConfigurationName = Release;
		};
		530A20EA1EFCA8EB001D5B39 /* Build configuration list for PBXNativeTarget "Cuasotinhyeu" */ = {
			isa = XCConfigurationList;
			buildConfigurations = (
				530A20EB1EFCA8EB001D5B39 /* Debug */,
				530A20EC1EFCA8EB001D5B39 /* Release */,
			);
			defaultConfigurationIsVisible = 0;
			defaultConfigurationName = Release;
		};
/* End XCConfigurationList section */
	};
	rootObject = 530A20D01EFCA8EA001D5B39 /* Project object */;
}
